
Microsoft Visual Studio Solution File, Format Version 12.00
# Visual Studio Version 17
VisualStudioVersion = 17.5.33516.290
MinimumVisualStudioVersion = 10.0.40219.1
Project("{FAE04EC0-301F-11D3-BF4B-00C04F79EFBC}") = "Mission14_mgoltra", "Mission14_mgoltra.csproj", "{310C667C-528A-4F4F-92D4-D26CD79113E3}"
EndProject
Global
	GlobalSection(SolutionConfigurationPlatforms) = preSolution
		Debug|Any CPU = Debug|Any CPU
		Release|Any CPU = Release|Any CPU
	EndGlobalSection
	GlobalSection(ProjectConfigurationPlatforms) = postSolution
		{310C667C-528A-4F4F-92D4-D26CD79113E3}.Debug|Any CPU.ActiveCfg = Debug|Any CPU
		{310C667C-528A-4F4F-92D4-D26CD79113E3}.Debug|Any CPU.Build.0 = Debug|Any CPU
		{310C667C-528A-4F4F-92D4-D26CD79113E3}.Release|Any CPU.ActiveCfg = Release|Any CPU
		{310C667C-528A-4F4F-92D4-D26CD79113E3}.Release|Any CPU.Build.0 = Release|Any CPU
	EndGlobalSection
	GlobalSection(SolutionProperties) = preSolution
		HideSolutionNode = FALSE
	EndGlobalSection
	GlobalSection(ExtensibilityGlobals) = postSolution
		SolutionGuid = {98CCA7E8-BD65-4DDA-B178-5E92F7AB2052}
	EndGlobalSection
EndGlobal
